
Microsoft Visual Studio Solution File, Format Version 12.00
# Visual Studio 15
VisualStudioVersion = 15.0.27428.2037
MinimumVisualStudioVersion = 10.0.40219.1
Project("{FAE04EC0-301F-11D3-BF4B-00C04F79EFBC}") = "Basic ASP.NET Web Application", "Basic ASP.NET Web Application\Basic ASP.NET Web Application.csproj", "{9A129F3D-4376-4E03-A0EF-37EFB3E51868}"
EndProject
Global
	GlobalSection(SolutionConfigurationPlatforms) = preSolution
		Debug|Any CPU = Debug|Any CPU
		Release|Any CPU = Release|Any CPU
	EndGlobalSection
	GlobalSection(ProjectConfigurationPlatforms) = postSolution
		{9A129F3D-4376-4E03-A0EF-37EFB3E51868}.Debug|Any CPU.ActiveCfg = Debug|Any CPU
		{9A129F3D-4376-4E03-A0EF-37EFB3E51868}.Debug|Any CPU.Build.0 = Debug|Any CPU
		{9A129F3D-4376-4E03-A0EF-37EFB3E51868}.Release|Any CPU.ActiveCfg = Release|Any CPU
		{9A129F3D-4376-4E03-A0EF-37EFB3E51868}.Release|Any CPU.Build.0 = Release|Any CPU
	EndGlobalSection
	GlobalSection(SolutionProperties) = preSolution
		HideSolutionNode = FALSE
	EndGlobalSection
	GlobalSection(ExtensibilityGlobals) = postSolution
		SolutionGuid = {E9C7CAF7-C1FC-4A55-9B79-39D39BBF41B9}
	EndGlobalSection
EndGlobal
